{
  "name": "0x0E-Cookies_local_storage",
  "lockfileVersion": 2,
  "requires": true,
  "packages": {
    "": {
      "devDependencies": {
        "webpack-dev-server": "npm:undefined@*"
      }
    },
    "node_modules/webpack-dev-server": {
      "dev": true
    }
  },
  "dependencies": {
    "webpack-dev-server": {
      "dev": true
    }
  }
}
